
Microsoft Visual Studio Solution File, Format Version 12.00
# Visual Studio Version 17
VisualStudioVersion = 17.13.35825.156
MinimumVisualStudioVersion = 10.0.40219.1
Project("{FAE04EC0-301F-11D3-BF4B-00C04F79EFBC}") = "WhereAmIAgain", "WhereAmIAgain\WhereAmIAgain.csproj", "{AB22FDC6-FC8E-7C18-5869-7A37819977AF}"
EndProject
Global
	GlobalSection(SolutionConfigurationPlatforms) = preSolution
		Debug|x64 = Debug|x64
		Release|x64 = Release|x64
	EndGlobalSection
	GlobalSection(ProjectConfigurationPlatforms) = postSolution
		{AB22FDC6-FC8E-7C18-5869-7A37819977AF}.Debug|x64.ActiveCfg = Debug|x64
		{AB22FDC6-FC8E-7C18-5869-7A37819977AF}.Debug|x64.Build.0 = Debug|x64
		{AB22FDC6-FC8E-7C18-5869-7A37819977AF}.Release|x64.ActiveCfg = Release|x64
		{AB22FDC6-FC8E-7C18-5869-7A37819977AF}.Release|x64.Build.0 = Release|x64
	EndGlobalSection
	GlobalSection(SolutionProperties) = preSolution
		HideSolutionNode = FALSE
	EndGlobalSection
	GlobalSection(ExtensibilityGlobals) = postSolution
		SolutionGuid = {B17E85B1-5F60-4440-9F9A-3DDE877E8CDF}
	EndGlobalSection
EndGlobal
