
Microsoft Visual Studio Solution File, Format Version 12.00
# Visual Studio Version 17
VisualStudioVersion = 17.0.32014.148
MinimumVisualStudioVersion = 10.0.40219.1
Project("{9A19103F-16F7-4668-BE54-9A1E7A4F7556}") = "WhereAmIAgain", "WhereAmIAgain.csproj", "{C814AA1D-9441-4070-9446-58CA000FF78A}"
EndProject
Global
	GlobalSection(SolutionConfigurationPlatforms) = preSolution
		Debug|x64 = Debug|x64
		Release|x64 = Release|x64
	EndGlobalSection
	GlobalSection(ProjectConfigurationPlatforms) = postSolution
		{C814AA1D-9441-4070-9446-58CA000FF78A}.Debug|x64.ActiveCfg = Debug|x64
		{C814AA1D-9441-4070-9446-58CA000FF78A}.Debug|x64.Build.0 = Debug|x64
		{C814AA1D-9441-4070-9446-58CA000FF78A}.Release|x64.ActiveCfg = Release|x64
		{C814AA1D-9441-4070-9446-58CA000FF78A}.Release|x64.Build.0 = Release|x64
	EndGlobalSection
	GlobalSection(SolutionProperties) = preSolution
		HideSolutionNode = FALSE
	EndGlobalSection
	GlobalSection(ExtensibilityGlobals) = postSolution
		SolutionGuid = {D5644E08-669B-40C6-BBC5-C960258BFD4A}
	EndGlobalSection
EndGlobal
